
Microsoft Visual Studio Solution File, Format Version 12.00
# Visual Studio Version 17
VisualStudioVersion = 17.9.34728.123
MinimumVisualStudioVersion = 10.0.40219.1
Project("{F184B08F-C81C-45F6-A57F-5ABD9991F28F}") = "QHYCapture", "QHYCapture\QHYCapture.vbproj", "{AE007B43-4600-445A-823D-6E0DD6897E52}"
EndProject
Project("{9A19103F-16F7-4668-BE54-9A1E7A4F7556}") = "AstroCam.Nativ.NET", "..\AstroCam.Nativ.NET\AstroCam.Nativ.NET.csproj", "{E71C232D-0152-4DFF-AB70-41BDF43E8BBE}"
EndProject
Global
	GlobalSection(SolutionConfigurationPlatforms) = preSolution
		Debug|Any CPU = Debug|Any CPU
		Release|Any CPU = Release|Any CPU
	EndGlobalSection
	GlobalSection(ProjectConfigurationPlatforms) = postSolution
		{AE007B43-4600-445A-823D-6E0DD6897E52}.Debug|Any CPU.ActiveCfg = Debug|Any CPU
		{AE007B43-4600-445A-823D-6E0DD6897E52}.Debug|Any CPU.Build.0 = Debug|Any CPU
		{AE007B43-4600-445A-823D-6E0DD6897E52}.Release|Any CPU.ActiveCfg = Release|Any CPU
		{AE007B43-4600-445A-823D-6E0DD6897E52}.Release|Any CPU.Build.0 = Release|Any CPU
		{E71C232D-0152-4DFF-AB70-41BDF43E8BBE}.Debug|Any CPU.ActiveCfg = Debug|Any CPU
		{E71C232D-0152-4DFF-AB70-41BDF43E8BBE}.Debug|Any CPU.Build.0 = Debug|Any CPU
		{E71C232D-0152-4DFF-AB70-41BDF43E8BBE}.Release|Any CPU.ActiveCfg = Release|Any CPU
		{E71C232D-0152-4DFF-AB70-41BDF43E8BBE}.Release|Any CPU.Build.0 = Release|Any CPU
	EndGlobalSection
	GlobalSection(SolutionProperties) = preSolution
		HideSolutionNode = FALSE
	EndGlobalSection
	GlobalSection(ExtensibilityGlobals) = postSolution
		SolutionGuid = {C6D3748A-5C16-4596-8DA1-D87EA629A636}
	EndGlobalSection
EndGlobal
